
Microsoft Visual Studio Solution File, Format Version 12.00
# Visual Studio Version 17
VisualStudioVersion = 17.2.32616.157
MinimumVisualStudioVersion = 10.0.40219.1
Project("{FAE04EC0-301F-11D3-BF4B-00C04F79EFBC}") = "DbFirstFlightProject", "DbFirstFlightProject\DbFirstFlightProject.csproj", "{38A3093C-0EDC-4423-9FFD-E8767831765A}"
EndProject
Global
	GlobalSection(SolutionConfigurationPlatforms) = preSolution
		Debug|Any CPU = Debug|Any CPU
		Release|Any CPU = Release|Any CPU
	EndGlobalSection
	GlobalSection(ProjectConfigurationPlatforms) = postSolution
		{38A3093C-0EDC-4423-9FFD-E8767831765A}.Debug|Any CPU.ActiveCfg = Debug|Any CPU
		{38A3093C-0EDC-4423-9FFD-E8767831765A}.Debug|Any CPU.Build.0 = Debug|Any CPU
		{38A3093C-0EDC-4423-9FFD-E8767831765A}.Release|Any CPU.ActiveCfg = Release|Any CPU
		{38A3093C-0EDC-4423-9FFD-E8767831765A}.Release|Any CPU.Build.0 = Release|Any CPU
	EndGlobalSection
	GlobalSection(SolutionProperties) = preSolution
		HideSolutionNode = FALSE
	EndGlobalSection
	GlobalSection(ExtensibilityGlobals) = postSolution
		SolutionGuid = {0BF4769F-A7CC-4683-BC56-D191961342A3}
	EndGlobalSection
EndGlobal
